
Microsoft Visual Studio Solution File, Format Version 12.00
# Visual Studio Version 16
VisualStudioVersion = 16.0.30907.101
MinimumVisualStudioVersion = 10.0.40219.1
Project("{FAE04EC0-301F-11D3-BF4B-00C04F79EFBC}") = "TipCalculator", "TipCalculator\TipCalculator.csproj", "{751314A5-10EF-474A-B374-717D47B0C80F}"
EndProject
Project("{54435603-DBB4-11D2-8724-00A0C9A8B90C}") = "Lab8", "Lab8\Lab8.vdproj", "{28B61347-9880-42E2-AE71-9AEABF39C9A8}"
EndProject
Global
	GlobalSection(SolutionConfigurationPlatforms) = preSolution
		Debug|Any CPU = Debug|Any CPU
		Release|Any CPU = Release|Any CPU
	EndGlobalSection
	GlobalSection(ProjectConfigurationPlatforms) = postSolution
		{751314A5-10EF-474A-B374-717D47B0C80F}.Debug|Any CPU.ActiveCfg = Debug|Any CPU
		{751314A5-10EF-474A-B374-717D47B0C80F}.Debug|Any CPU.Build.0 = Debug|Any CPU
		{751314A5-10EF-474A-B374-717D47B0C80F}.Release|Any CPU.ActiveCfg = Release|Any CPU
		{751314A5-10EF-474A-B374-717D47B0C80F}.Release|Any CPU.Build.0 = Release|Any CPU
		{28B61347-9880-42E2-AE71-9AEABF39C9A8}.Debug|Any CPU.ActiveCfg = Debug
		{28B61347-9880-42E2-AE71-9AEABF39C9A8}.Release|Any CPU.ActiveCfg = Release
	EndGlobalSection
	GlobalSection(SolutionProperties) = preSolution
		HideSolutionNode = FALSE
	EndGlobalSection
	GlobalSection(ExtensibilityGlobals) = postSolution
		SolutionGuid = {173DC400-FF3C-4479-A085-01547E34B5B2}
	EndGlobalSection
EndGlobal
